
Microsoft Visual Studio Solution File, Format Version 12.00
# Visual Studio Version 17
VisualStudioVersion = 17.4.33213.308
MinimumVisualStudioVersion = 10.0.40219.1
Project("{FAE04EC0-301F-11D3-BF4B-00C04F79EFBC}") = "PartRecorder", "PartRecorder.csproj", "{F3B1BD3F-EFB2-4687-AE49-36D5B4CA45EE}"
EndProject
Global
	GlobalSection(SolutionConfigurationPlatforms) = preSolution
		Debug|Any CPU = Debug|Any CPU
		Release|Any CPU = Release|Any CPU
	EndGlobalSection
	GlobalSection(ProjectConfigurationPlatforms) = postSolution
		{F3B1BD3F-EFB2-4687-AE49-36D5B4CA45EE}.Debug|Any CPU.ActiveCfg = Debug|Any CPU
		{F3B1BD3F-EFB2-4687-AE49-36D5B4CA45EE}.Debug|Any CPU.Build.0 = Debug|Any CPU
		{F3B1BD3F-EFB2-4687-AE49-36D5B4CA45EE}.Release|Any CPU.ActiveCfg = Release|Any CPU
		{F3B1BD3F-EFB2-4687-AE49-36D5B4CA45EE}.Release|Any CPU.Build.0 = Release|Any CPU
	EndGlobalSection
	GlobalSection(SolutionProperties) = preSolution
		HideSolutionNode = FALSE
	EndGlobalSection
	GlobalSection(ExtensibilityGlobals) = postSolution
		SolutionGuid = {135B68D1-4622-457B-BEF7-9133681C485D}
	EndGlobalSection
EndGlobal
